// !$*UTF8*$!
{
	archiveVersion = 1;
	classes = {
	};
	objectVersion = 56;
	objects = {

/* Begin PBXBuildFile section */
		A04DF82A2BBA733D003A6DAA /* VoiceMemoApp.swift in Sources */ = {isa = PBXBuildFile; fileRef = A04DF8292BBA733D003A6DAA /* VoiceMemoApp.swift */; };
		A04DF82E2BBA733E003A6DAA /* Assets.xcassets in Resources */ = {isa = PBXBuildFile; fileRef = A04DF82D2BBA733E003A6DAA /* Assets.xcassets */; };
		A04DF8312BBA733E003A6DAA /* Preview Assets.xcassets in Resources */ = {isa = PBXBuildFile; fileRef = A04DF8302BBA733E003A6DAA /* Preview Assets.xcassets */; };
		A04DF83E2BBA7827003A6DAA /* Launch Screen.storyboard in Resources */ = {isa = PBXBuildFile; fileRef = A04DF83D2BBA7827003A6DAA /* Launch Screen.storyboard */; };
		A07B97A12BBA86D1001F6B3B /* AppDelegate.swift in Sources */ = {isa = PBXBuildFile; fileRef = A07B97A02BBA86D1001F6B3B /* AppDelegate.swift */; };
		A097BC442BBA9DDC00047550 /* Color+Extensions.swift in Sources */ = {isa = PBXBuildFile; fileRef = A097BC432BBA9DDC00047550 /* Color+Extensions.swift */; };
		A0BB75AF2BBAF1730018EFD0 /* OnboardingContent.swift in Sources */ = {isa = PBXBuildFile; fileRef = A0BB75AE2BBAF1730018EFD0 /* OnboardingContent.swift */; };
		A0BB75B12BBB07090018EFD0 /* OnboardingViewModel.swift in Sources */ = {isa = PBXBuildFile; fileRef = A0BB75B02BBB07090018EFD0 /* OnboardingViewModel.swift */; };
		A0BB75B32BBB071F0018EFD0 /* OnboardingView.swift in Sources */ = {isa = PBXBuildFile; fileRef = A0BB75B22BBB071F0018EFD0 /* OnboardingView.swift */; };
/* End PBXBuildFile section */

/* Begin PBXFileReference section */
		A04DF8262BBA733D003A6DAA /* VoiceMemo.app */ = {isa = PBXFileReference; explicitFileType = wrapper.application; includeInIndex = 0; path = VoiceMemo.app; sourceTree = BUILT_PRODUCTS_DIR; };
		A04DF8292BBA733D003A6DAA /* VoiceMemoApp.swift */ = {isa = PBXFileReference; lastKnownFileType = sourcecode.swift; path = VoiceMemoApp.swift; sourceTree = "<group>"; };
		A04DF82D2BBA733E003A6DAA /* Assets.xcassets */ = {isa = PBXFileReference; lastKnownFileType = folder.assetcatalog; path = Assets.xcassets; sourceTree = "<group>"; };
		A04DF8302BBA733E003A6DAA /* Preview Assets.xcassets */ = {isa = PBXFileReference; lastKnownFileType = folder.assetcatalog; path = "Preview Assets.xcassets"; sourceTree = "<group>"; };
		A04DF83D2BBA7827003A6DAA /* Launch Screen.storyboard */ = {isa = PBXFileReference; lastKnownFileType = file.storyboard; path = "Launch Screen.storyboard"; sourceTree = "<group>"; };
		A07B979F2BBA7D40001F6B3B /* Info.plist */ = {isa = PBXFileReference; lastKnownFileType = text.plist; path = Info.plist; sourceTree = "<group>"; };
		A07B97A02BBA86D1001F6B3B /* AppDelegate.swift */ = {isa = PBXFileReference; lastKnownFileType = sourcecode.swift; path = AppDelegate.swift; sourceTree = "<group>"; };
		A097BC432BBA9DDC00047550 /* Color+Extensions.swift */ = {isa = PBXFileReference; lastKnownFileType = sourcecode.swift; path = "Color+Extensions.swift"; sourceTree = "<group>"; };
		A0BB75AE2BBAF1730018EFD0 /* OnboardingContent.swift */ = {isa = PBXFileReference; lastKnownFileType = sourcecode.swift; path = OnboardingContent.swift; sourceTree = "<group>"; };
		A0BB75B02BBB07090018EFD0 /* OnboardingViewModel.swift */ = {isa = PBXFileReference; lastKnownFileType = sourcecode.swift; path = OnboardingViewModel.swift; sourceTree = "<group>"; };
		A0BB75B22BBB071F0018EFD0 /* OnboardingView.swift */ = {isa = PBXFileReference; lastKnownFileType = sourcecode.swift; path = OnboardingView.swift; sourceTree = "<group>"; };
/* End PBXFileReference section */

/* Begin PBXFrameworksBuildPhase section */
		A04DF8232BBA733D003A6DAA /* Frameworks */ = {
			isa = PBXFrameworksBuildPhase;
			buildActionMask = 2147483647;
			files = (
			);
			runOnlyForDeploymentPostprocessing = 0;
		};
/* End PBXFrameworksBuildPhase section */

/* Begin PBXGroup section */
		A04DF81D2BBA733D003A6DAA = {
			isa = PBXGroup;
			children = (
				A04DF8282BBA733D003A6DAA /* VoiceMemo */,
				A04DF8272BBA733D003A6DAA /* Products */,
			);
			sourceTree = "<group>";
		};
		A04DF8272BBA733D003A6DAA /* Products */ = {
			isa = PBXGroup;
			children = (
				A04DF8262BBA733D003A6DAA /* VoiceMemo.app */,
			);
			name = Products;
			sourceTree = "<group>";
		};
		A04DF8282BBA733D003A6DAA /* VoiceMemo */ = {
			isa = PBXGroup;
			children = (
				A07B979F2BBA7D40001F6B3B /* Info.plist */,
				A04DF83C2BBA7391003A6DAA /* Model */,
				A04DF83B2BBA7384003A6DAA /* Feature */,
				A04DF83A2BBA7378003A6DAA /* Component */,
				A04DF8392BBA736C003A6DAA /* Core */,
				A04DF8372BBA735B003A6DAA /* App */,
				A04DF82D2BBA733E003A6DAA /* Assets.xcassets */,
				A04DF82F2BBA733E003A6DAA /* Preview Content */,
			);
			path = VoiceMemo;
			sourceTree = "<group>";
		};
		A04DF82F2BBA733E003A6DAA /* Preview Content */ = {
			isa = PBXGroup;
			children = (
				A04DF8302BBA733E003A6DAA /* Preview Assets.xcassets */,
			);
			path = "Preview Content";
			sourceTree = "<group>";
		};
		A04DF8372BBA735B003A6DAA /* App */ = {
			isa = PBXGroup;
			children = (
				A04DF8292BBA733D003A6DAA /* VoiceMemoApp.swift */,
				A04DF83D2BBA7827003A6DAA /* Launch Screen.storyboard */,
				A07B97A02BBA86D1001F6B3B /* AppDelegate.swift */,
			);
			path = App;
			sourceTree = "<group>";
		};
		A04DF8392BBA736C003A6DAA /* Core */ = {
			isa = PBXGroup;
			children = (
				A07B97A32BBA871E001F6B3B /* Extension */,
				A07B97A22BBA8714001F6B3B /* Service */,
			);
			path = Core;
			sourceTree = "<group>";
		};
		A04DF83A2BBA7378003A6DAA /* Component */ = {
			isa = PBXGroup;
			children = (
			);
			path = Component;
			sourceTree = "<group>";
		};
		A04DF83B2BBA7384003A6DAA /* Feature */ = {
			isa = PBXGroup;
			children = (
				A07B97A52BBA88E9001F6B3B /* Home */,
				A07B97A42BBA88D5001F6B3B /* Onboarding */,
			);
			path = Feature;
			sourceTree = "<group>";
		};
		A04DF83C2BBA7391003A6DAA /* Model */ = {
			isa = PBXGroup;
			children = (
				A0BB75AD2BBAF14C0018EFD0 /* Onboarding */,
				A0BB75AC2BBAF13B0018EFD0 /* Path */,
			);
			path = Model;
			sourceTree = "<group>";
		};
		A07B97A22BBA8714001F6B3B /* Service */ = {
			isa = PBXGroup;
			children = (
			);
			path = Service;
			sourceTree = "<group>";
		};
		A07B97A32BBA871E001F6B3B /* Extension */ = {
			isa = PBXGroup;
			children = (
				A097BC432BBA9DDC00047550 /* Color+Extensions.swift */,
			);
			path = Extension;
			sourceTree = "<group>";
		};
		A07B97A42BBA88D5001F6B3B /* Onboarding */ = {
			isa = PBXGroup;
			children = (
				A0BB75B02BBB07090018EFD0 /* OnboardingViewModel.swift */,
				A0BB75B22BBB071F0018EFD0 /* OnboardingView.swift */,
			);
			path = Onboarding;
			sourceTree = "<group>";
		};
		A07B97A52BBA88E9001F6B3B /* Home */ = {
			isa = PBXGroup;
			children = (
			);
			path = Home;
			sourceTree = "<group>";
		};
		A0BB75AC2BBAF13B0018EFD0 /* Path */ = {
			isa = PBXGroup;
			children = (
			);
			path = Path;
			sourceTree = "<group>";
		};
		A0BB75AD2BBAF14C0018EFD0 /* Onboarding */ = {
			isa = PBXGroup;
			children = (
				A0BB75AE2BBAF1730018EFD0 /* OnboardingContent.swift */,
			);
			path = Onboarding;
			sourceTree = "<group>";
		};
/* End PBXGroup section */

/* Begin PBXNativeTarget section */
		A04DF8252BBA733D003A6DAA /* VoiceMemo */ = {
			isa = PBXNativeTarget;
			buildConfigurationList = A04DF8342BBA733E003A6DAA /* Build configuration list for PBXNativeTarget "VoiceMemo" */;
			buildPhases = (
				A04DF8222BBA733D003A6DAA /* Sources */,
				A04DF8232BBA733D003A6DAA /* Frameworks */,
				A04DF8242BBA733D003A6DAA /* Resources */,
			);
			buildRules = (
			);
			dependencies = (
			);
			name = VoiceMemo;
			productName = VoiceMemo;
			productReference = A04DF8262BBA733D003A6DAA /* VoiceMemo.app */;
			productType = "com.apple.product-type.application";
		};
/* End PBXNativeTarget section */

/* Begin PBXProject section */
		A04DF81E2BBA733D003A6DAA /* Project object */ = {
			isa = PBXProject;
			attributes = {
				BuildIndependentTargetsInParallel = 1;
				LastSwiftUpdateCheck = 1530;
				LastUpgradeCheck = 1530;
				TargetAttributes = {
					A04DF8252BBA733D003A6DAA = {
						CreatedOnToolsVersion = 15.3;
					};
				};
			};
			buildConfigurationList = A04DF8212BBA733D003A6DAA /* Build configuration list for PBXProject "VoiceMemo" */;
			compatibilityVersion = "Xcode 14.0";
			developmentRegion = en;
			hasScannedForEncodings = 0;
			knownRegions = (
				en,
				Base,
			);
			mainGroup = A04DF81D2BBA733D003A6DAA;
			productRefGroup = A04DF8272BBA733D003A6DAA /* Products */;
			projectDirPath = "";
			projectRoot = "";
			targets = (
				A04DF8252BBA733D003A6DAA /* VoiceMemo */,
			);
		};
/* End PBXProject section */

/* Begin PBXResourcesBuildPhase section */
		A04DF8242BBA733D003A6DAA /* Resources */ = {
			isa = PBXResourcesBuildPhase;
			buildActionMask = 2147483647;
			files = (
				A04DF83E2BBA7827003A6DAA /* Launch Screen.storyboard in Resources */,
				A04DF8312BBA733E003A6DAA /* Preview Assets.xcassets in Resources */,
				A04DF82E2BBA733E003A6DAA /* Assets.xcassets in Resources */,
			);
			runOnlyForDeploymentPostprocessing = 0;
		};
/* End PBXResourcesBuildPhase section */

/* Begin PBXSourcesBuildPhase section */
		A04DF8222BBA733D003A6DAA /* Sources */ = {
			isa = PBXSourcesBuildPhase;
			buildActionMask = 2147483647;
			files = (
				A0BB75B12BBB07090018EFD0 /* OnboardingViewModel.swift in Sources */,
				A0BB75AF2BBAF1730018EFD0 /* OnboardingContent.swift in Sources */,
				A07B97A12BBA86D1001F6B3B /* AppDelegate.swift in Sources */,
				A0BB75B32BBB071F0018EFD0 /* OnboardingView.swift in Sources */,
				A04DF82A2BBA733D003A6DAA /* VoiceMemoApp.swift in Sources */,
				A097BC442BBA9DDC00047550 /* Color+Extensions.swift in Sources */,
			);
			runOnlyForDeploymentPostprocessing = 0;
		};
/* End PBXSourcesBuildPhase section */

/* Begin XCBuildConfiguration section */
		A04DF8322BBA733E003A6DAA /* Debug */ = {
			isa = XCBuildConfiguration;
			buildSettings = {
				ALWAYS_SEARCH_USER_PATHS = NO;
				ASSETCATALOG_COMPILER_GENERATE_SWIFT_ASSET_SYMBOL_EXTENSIONS = YES;
				CLANG_ANALYZER_NONNULL = YES;
				CLANG_ANALYZER_NUMBER_OBJECT_CONVERSION = YES_AGGRESSIVE;
				CLANG_CXX_LANGUAGE_STANDARD = "gnu++20";
				CLANG_ENABLE_MODULES = YES;
				CLANG_ENABLE_OBJC_ARC = YES;
				CLANG_ENABLE_OBJC_WEAK = YES;
				CLANG_WARN_BLOCK_CAPTURE_AUTORELEASING = YES;
				CLANG_WARN_BOOL_CONVERSION = YES;
				CLANG_WARN_COMMA = YES;
				CLANG_WARN_CONSTANT_CONVERSION = YES;
				CLANG_WARN_DEPRECATED_OBJC_IMPLEMENTATIONS = YES;
				CLANG_WARN_DIRECT_OBJC_ISA_USAGE = YES_ERROR;
				CLANG_WARN_DOCUMENTATION_COMMENTS = YES;
				CLANG_WARN_EMPTY_BODY = YES;
				CLANG_WARN_ENUM_CONVERSION = YES;
				CLANG_WARN_INFINITE_RECURSION = YES;
				CLANG_WARN_INT_CONVERSION = YES;
				CLANG_WARN_NON_LITERAL_NULL_CONVERSION = YES;
				CLANG_WARN_OBJC_IMPLICIT_RETAIN_SELF = YES;
				CLANG_WARN_OBJC_LITERAL_CONVERSION = YES;
				CLANG_WARN_OBJC_ROOT_CLASS = YES_ERROR;
				CLANG_WARN_QUOTED_INCLUDE_IN_FRAMEWORK_HEADER = YES;
				CLANG_WARN_RANGE_LOOP_ANALYSIS = YES;
				CLANG_WARN_STRICT_PROTOTYPES = YES;
				CLANG_WARN_SUSPICIOUS_MOVE = YES;
				CLANG_WARN_UNGUARDED_AVAILABILITY = YES_AGGRESSIVE;
				CLANG_WARN_UNREACHABLE_CODE = YES;
				CLANG_WARN__DUPLICATE_METHOD_MATCH = YES;
				COPY_PHASE_STRIP = NO;
				DEBUG_INFORMATION_FORMAT = dwarf;
				ENABLE_STRICT_OBJC_MSGSEND = YES;
				ENABLE_TESTABILITY = YES;
				ENABLE_USER_SCRIPT_SANDBOXING = YES;
				GCC_C_LANGUAGE_STANDARD = gnu17;
				GCC_DYNAMIC_NO_PIC = NO;
				GCC_NO_COMMON_BLOCKS = YES;
				GCC_OPTIMIZATION_LEVEL = 0;
				GCC_PREPROCESSOR_DEFINITIONS = (
					"DEBUG=1",
					"$(inherited)",
				);
				GCC_WARN_64_TO_32_BIT_CONVERSION = YES;
				GCC_WARN_ABOUT_RETURN_TYPE = YES_ERROR;
				GCC_WARN_UNDECLARED_SELECTOR = YES;
				GCC_WARN_UNINITIALIZED_AUTOS = YES_AGGRESSIVE;
				GCC_WARN_UNUSED_FUNCTION = YES;
				GCC_WARN_UNUSED_VARIABLE = YES;
				IPHONEOS_DEPLOYMENT_TARGET = 17.4;
				LOCALIZATION_PREFERS_STRING_CATALOGS = YES;
				MTL_ENABLE_DEBUG_INFO = INCLUDE_SOURCE;
				MTL_FAST_MATH = YES;
				ONLY_ACTIVE_ARCH = YES;
				SDKROOT = iphoneos;
				SWIFT_ACTIVE_COMPILATION_CONDITIONS = "DEBUG $(inherited)";
				SWIFT_OPTIMIZATION_LEVEL = "-Onone";
			};
			name = Debug;
		};
		A04DF8332BBA733E003A6DAA /* Release */ = {
			isa = XCBuildConfiguration;
			buildSettings = {
				ALWAYS_SEARCH_USER_PATHS = NO;
				ASSETCATALOG_COMPILER_GENERATE_SWIFT_ASSET_SYMBOL_EXTENSIONS = YES;
				CLANG_ANALYZER_NONNULL = YES;
				CLANG_ANALYZER_NUMBER_OBJECT_CONVERSION = YES_AGGRESSIVE;
				CLANG_CXX_LANGUAGE_STANDARD = "gnu++20";
				CLANG_ENABLE_MODULES = YES;
				CLANG_ENABLE_OBJC_ARC = YES;
				CLANG_ENABLE_OBJC_WEAK = YES;
				CLANG_WARN_BLOCK_CAPTURE_AUTORELEASING = YES;
				CLANG_WARN_BOOL_CONVERSION = YES;
				CLANG_WARN_COMMA = YES;
				CLANG_WARN_CONSTANT_CONVERSION = YES;
				CLANG_WARN_DEPRECATED_OBJC_IMPLEMENTATIONS = YES;
				CLANG_WARN_DIRECT_OBJC_ISA_USAGE = YES_ERROR;
				CLANG_WARN_DOCUMENTATION_COMMENTS = YES;
				CLANG_WARN_EMPTY_BODY = YES;
				CLANG_WARN_ENUM_CONVERSION = YES;
				CLANG_WARN_INFINITE_RECURSION = YES;
				CLANG_WARN_INT_CONVERSION = YES;
				CLANG_WARN_NON_LITERAL_NULL_CONVERSION = YES;
				CLANG_WARN_OBJC_IMPLICIT_RETAIN_SELF = YES;
				CLANG_WARN_OBJC_LITERAL_CONVERSION = YES;
				CLANG_WARN_OBJC_ROOT_CLASS = YES_ERROR;
				CLANG_WARN_QUOTED_INCLUDE_IN_FRAMEWORK_HEADER = YES;
				CLANG_WARN_RANGE_LOOP_ANALYSIS = YES;
				CLANG_WARN_STRICT_PROTOTYPES = YES;
				CLANG_WARN_SUSPICIOUS_MOVE = YES;
				CLANG_WARN_UNGUARDED_AVAILABILITY = YES_AGGRESSIVE;
				CLANG_WARN_UNREACHABLE_CODE = YES;
				CLANG_WARN__DUPLICATE_METHOD_MATCH = YES;
				COPY_PHASE_STRIP = NO;
				DEBUG_INFORMATION_FORMAT = "dwarf-with-dsym";
				ENABLE_NS_ASSERTIONS = NO;
				ENABLE_STRICT_OBJC_MSGSEND = YES;
				ENABLE_USER_SCRIPT_SANDBOXING = YES;
				GCC_C_LANGUAGE_STANDARD = gnu17;
				GCC_NO_COMMON_BLOCKS = YES;
				GCC_WARN_64_TO_32_BIT_CONVERSION = YES;
				GCC_WARN_ABOUT_RETURN_TYPE = YES_ERROR;
				GCC_WARN_UNDECLARED_SELECTOR = YES;
				GCC_WARN_UNINITIALIZED_AUTOS = YES_AGGRESSIVE;
				GCC_WARN_UNUSED_FUNCTION = YES;
				GCC_WARN_UNUSED_VARIABLE = YES;
				IPHONEOS_DEPLOYMENT_TARGET = 17.4;
				LOCALIZATION_PREFERS_STRING_CATALOGS = YES;
				MTL_ENABLE_DEBUG_INFO = NO;
				MTL_FAST_MATH = YES;
				SDKROOT = iphoneos;
				SWIFT_COMPILATION_MODE = wholemodule;
				VALIDATE_PRODUCT = YES;
			};
			name = Release;
		};
		A04DF8352BBA733E003A6DAA /* Debug */ = {
			isa = XCBuildConfiguration;
			buildSettings = {
				ASSETCATALOG_COMPILER_APPICON_NAME = AppIcon;
				ASSETCATALOG_COMPILER_GLOBAL_ACCENT_COLOR_NAME = AccentColor;
				CODE_SIGN_STYLE = Automatic;
				CURRENT_PROJECT_VERSION = 1;
				DEVELOPMENT_ASSET_PATHS = "\"VoiceMemo/Preview Content\"";
				DEVELOPMENT_TEAM = R442X5K7RC;
				ENABLE_PREVIEWS = YES;
				GENERATE_INFOPLIST_FILE = YES;
				INFOPLIST_FILE = VoiceMemo/Info.plist;
				INFOPLIST_KEY_LSApplicationCategoryType = "";
				INFOPLIST_KEY_UIApplicationSceneManifest_Generation = YES;
				INFOPLIST_KEY_UIApplicationSupportsIndirectInputEvents = YES;
				INFOPLIST_KEY_UIStatusBarStyle = UIStatusBarStyleLightContent;
				INFOPLIST_KEY_UISupportedInterfaceOrientations = UIInterfaceOrientationPortrait;
				IPHONEOS_DEPLOYMENT_TARGET = 16.0;
				LD_RUNPATH_SEARCH_PATHS = (
					"$(inherited)",
					"@executable_path/Frameworks",
				);
				MARKETING_VERSION = 1.0;
				PRODUCT_BUNDLE_IDENTIFIER = com.kangrok.VoiceMemo;
				PRODUCT_NAME = "$(TARGET_NAME)";
				SWIFT_EMIT_LOC_STRINGS = YES;
				SWIFT_VERSION = 5.0;
				TARGETED_DEVICE_FAMILY = "1,2";
			};
			name = Debug;
		};
		A04DF8362BBA733E003A6DAA /* Release */ = {
			isa = XCBuildConfiguration;
			buildSettings = {
				ASSETCATALOG_COMPILER_APPICON_NAME = AppIcon;
				ASSETCATALOG_COMPILER_GLOBAL_ACCENT_COLOR_NAME = AccentColor;
				CODE_SIGN_STYLE = Automatic;
				CURRENT_PROJECT_VERSION = 1;
				DEVELOPMENT_ASSET_PATHS = "\"VoiceMemo/Preview Content\"";
				DEVELOPMENT_TEAM = R442X5K7RC;
				ENABLE_PREVIEWS = YES;
				GENERATE_INFOPLIST_FILE = YES;
				INFOPLIST_FILE = VoiceMemo/Info.plist;
				INFOPLIST_KEY_LSApplicationCategoryType = "";
				INFOPLIST_KEY_UIApplicationSceneManifest_Generation = YES;
				INFOPLIST_KEY_UIApplicationSupportsIndirectInputEvents = YES;
				INFOPLIST_KEY_UIStatusBarStyle = UIStatusBarStyleLightContent;
				INFOPLIST_KEY_UISupportedInterfaceOrientations = UIInterfaceOrientationPortrait;
				IPHONEOS_DEPLOYMENT_TARGET = 16.0;
				LD_RUNPATH_SEARCH_PATHS = (
					"$(inherited)",
					"@executable_path/Frameworks",
				);
				MARKETING_VERSION = 1.0;
				PRODUCT_BUNDLE_IDENTIFIER = com.kangrok.VoiceMemo;
				PRODUCT_NAME = "$(TARGET_NAME)";
				SWIFT_EMIT_LOC_STRINGS = YES;
				SWIFT_VERSION = 5.0;
				TARGETED_DEVICE_FAMILY = "1,2";
			};
			name = Release;
		};
/* End XCBuildConfiguration section */

/* Begin XCConfigurationList section */
		A04DF8212BBA733D003A6DAA /* Build configuration list for PBXProject "VoiceMemo" */ = {
			isa = XCConfigurationList;
			buildConfigurations = (
				A04DF8322BBA733E003A6DAA /* Debug */,
				A04DF8332BBA733E003A6DAA /* Release */,
			);
			defaultConfigurationIsVisible = 0;
			defaultConfigurationName = Release;
		};
		A04DF8342BBA733E003A6DAA /* Build configuration list for PBXNativeTarget "VoiceMemo" */ = {
			isa = XCConfigurationList;
			buildConfigurations = (
				A04DF8352BBA733E003A6DAA /* Debug */,
				A04DF8362BBA733E003A6DAA /* Release */,
			);
			defaultConfigurationIsVisible = 0;
			defaultConfigurationName = Release;
		};
/* End XCConfigurationList section */
	};
	rootObject = A04DF81E2BBA733D003A6DAA /* Project object */;
}
